# THIS IS AN AUTOGENERATED FILE. DO NOT EDIT THIS FILE DIRECTLY.
# yarn lockfile v1


"@babel/runtime-corejs3@^7.7.4":
  version "7.9.2"
  resolved "https://registry.npm.taobao.org/@babel/runtime-corejs3/download/@babel/runtime-corejs3-7.9.2.tgz#26fe4aa77e9f1ecef9b776559bbb8e84d34284b7"
  integrity sha1-Jv5Kp36fHs75t3ZVm7uOhNNChLc=
  dependencies:
    core-js-pure "^3.0.0"
    regenerator-runtime "^0.13.4"

"@babel/runtime@^7.1.2", "@babel/runtime@^7.4.0", "@babel/runtime@^7.5.1", "@babel/runtime@^7.7.4", "@babel/runtime@^7.8.4":
  version "7.9.2"
  resolved "https://registry.npm.taobao.org/@babel/runtime/download/@babel/runtime-7.9.2.tgz#d90df0583a3a252f09aaa619665367bae518db06"
  integrity sha1-2Q3wWDo6JS8JqqYZZlNnuuUY2wY=
  dependencies:
    regenerator-runtime "^0.13.4"

"@jest/types@^24.9.0":
  version "24.9.0"
  resolved "https://registry.npm.taobao.org/@jest/types/download/@jest/types-24.9.0.tgz#63cb26cb7500d069e5a389441a7c6ab5e909fc59"
  integrity sha1-Y8smy3UA0Gnlo4lEGnxqtekJ/Fk=
  dependencies:
    "@types/istanbul-lib-coverage" "^2.0.0"
    "@types/istanbul-reports" "^1.1.1"
    "@types/yargs" "^13.0.0"

"@jest/types@^25.4.0":
  version "25.4.0"
  resolved "https://registry.npm.taobao.org/@jest/types/download/@jest/types-25.4.0.tgz#5afeb8f7e1cba153a28e5ac3c9fe3eede7206d59"
  integrity sha1-Wv649+HLoVOijlrDyf4+7ecgbVk=
  dependencies:
    "@types/istanbul-lib-coverage" "^2.0.0"
    "@types/istanbul-reports" "^1.1.1"
    "@types/yargs" "^15.0.0"
    chalk "^3.0.0"

"@reduxjs/toolkit@1.3.4":
  version "1.3.4"
  resolved "https://registry.npm.taobao.org/@reduxjs/toolkit/download/@reduxjs/toolkit-1.3.4.tgz#23abc4892310c75310224e0551d27b990d853a45"
  integrity sha1-I6vEiSMQx1MQIk4FUdJ7mQ2FOkU=
  dependencies:
    immer "^6.0.1"
    redux "^4.0.0"
    redux-thunk "^2.3.0"
    reselect "^4.0.0"

"@sheerun/mutationobserver-shim@^0.3.2":
  version "0.3.3"
  resolved "https://registry.npm.taobao.org/@sheerun/mutationobserver-shim/download/@sheerun/mutationobserver-shim-0.3.3.tgz#5405ee8e444ed212db44e79351f0c70a582aae25"
  integrity sha1-VAXujkRO0hLbROeTUfDHClgqriU=

"@testing-library/dom@^6.15.0":
  version "6.16.0"
  resolved "https://registry.npm.taobao.org/@testing-library/dom/download/@testing-library/dom-6.16.0.tgz#04ada27ed74ad4c0f0d984a1245bb29b1fd90ba9"
  integrity sha1-BK2iftdK1MDw2YShJFuymx/ZC6k=
  dependencies:
    "@babel/runtime" "^7.8.4"
    "@sheerun/mutationobserver-shim" "^0.3.2"
    "@types/testing-library__dom" "^6.12.1"
    aria-query "^4.0.2"
    dom-accessibility-api "^0.3.0"
    pretty-format "^25.1.0"
    wait-for-expect "^3.0.2"

"@testing-library/jest-dom@^4.2.4":
  version "4.2.4"
  resolved "https://registry.npm.taobao.org/@testing-library/jest-dom/download/@testing-library/jest-dom-4.2.4.tgz#00dfa0cbdd837d9a3c2a7f3f0a248ea6e7b89742"
  integrity sha1-AN+gy92DfZo8Kn8/CiSOpue4l0I=
  dependencies:
    "@babel/runtime" "^7.5.1"
    chalk "^2.4.1"
    css "^2.2.3"
    css.escape "^1.5.1"
    jest-diff "^24.0.0"
    jest-matcher-utils "^24.0.0"
    lodash "^4.17.11"
    pretty-format "^24.0.0"
    redent "^3.0.0"

"@testing-library/react@^9.3.2":
  version "9.5.0"
  resolved "https://registry.npm.taobao.org/@testing-library/react/download/@testing-library/react-9.5.0.tgz?cache=0&sync_timestamp=1585585911643&other_urls=https%3A%2F%2Fregistry.npm.taobao.org%2F%40testing-library%2Freact%2Fdownload%2F%40testing-library%2Freact-9.5.0.tgz#71531655a7890b61e77a1b39452fbedf0472ca5e"
  integrity sha1-cVMWVaeJC2Hnehs5RS++3wRyyl4=
  dependencies:
    "@babel/runtime" "^7.8.4"
    "@testing-library/dom" "^6.15.0"
    "@types/testing-library__react" "^9.1.2"

"@testing-library/user-event@^7.1.2":
  version "7.2.1"
  resolved "https://registry.npm.taobao.org/@testing-library/user-event/download/@testing-library/user-event-7.2.1.tgz?cache=0&sync_timestamp=1587032957013&other_urls=https%3A%2F%2Fregistry.npm.taobao.org%2F%40testing-library%2Fuser-event%2Fdownload%2F%40testing-library%2Fuser-event-7.2.1.tgz#2ad4e844175a3738cb9e7064be5ea070b8863a1c"
  integrity sha1-KtToRBdaNzjLnnBkvl6gcLiGOhw=

"@types/color-name@^1.1.1":
  version "1.1.1"
  resolved "https://registry.npm.taobao.org/@types/color-name/download/@types/color-name-1.1.1.tgz#1c1261bbeaa10a8055bbc5d8ab84b7b2afc846a0"
  integrity sha1-HBJhu+qhCoBVu8XYq4S3sq/IRqA=

"@types/events@*":
  version "3.0.0"
  resolved "https://registry.npm.taobao.org/@types/events/download/@types/events-3.0.0.tgz?cache=0&sync_timestamp=1580841990603&other_urls=https%3A%2F%2Fregistry.npm.taobao.org%2F%40types%2Fevents%2Fdownload%2F%40types%2Fevents-3.0.0.tgz#2862f3f58a9a7f7c3e78d79f130dd4d71c25c2a7"
  integrity sha1-KGLz9Yqaf3w+eNefEw3U1xwlwqc=

"@types/hoist-non-react-statics@^3.3.0":
  version "3.3.1"
  resolved "https://registry.npm.taobao.org/@types/hoist-non-react-statics/download/@types/hoist-non-react-statics-3.3.1.tgz#1124aafe5118cb591977aeb1ceaaed1070eb039f"
  integrity sha1-ESSq/lEYy1kZd66xzqrtEHDrA58=
  dependencies:
    "@types/react" "*"
    hoist-non-react-statics "^3.3.0"

"@types/istanbul-lib-coverage@*", "@types/istanbul-lib-coverage@^2.0.0":
  version "2.0.1"
  resolved "https://registry.npm.taobao.org/@types/istanbul-lib-coverage/download/@types/istanbul-lib-coverage-2.0.1.tgz#42995b446db9a48a11a07ec083499a860e9138ff"
  integrity sha1-QplbRG25pIoRoH7Ag0mahg6ROP8=

"@types/istanbul-lib-report@*":
  version "3.0.0"
  resolved "https://registry.npm.taobao.org/@types/istanbul-lib-report/download/@types/istanbul-lib-report-3.0.0.tgz#c14c24f18ea8190c118ee7562b7ff99a36552686"
  integrity sha1-wUwk8Y6oGQwRjudWK3/5mjZVJoY=
  dependencies:
    "@types/istanbul-lib-coverage" "*"

"@types/istanbul-reports@^1.1.1":
  version "1.1.1"
  resolved "https://registry.npm.taobao.org/@types/istanbul-reports/download/@types/istanbul-reports-1.1.1.tgz#7a8cbf6a406f36c8add871625b278eaf0b0d255a"
  integrity sha1-eoy/akBvNsit2HFiWyeOrwsNJVo=
  dependencies:
    "@types/istanbul-lib-coverage" "*"
    "@types/istanbul-lib-report" "*"

"@types/node@*":
  version "13.13.0"
  resolved "https://registry.npm.taobao.org/@types/node/download/@types/node-13.13.0.tgz?cache=0&sync_timestamp=1587158255212&other_urls=https%3A%2F%2Fregistry.npm.taobao.org%2F%40types%2Fnode%2Fdownload%2F%40types%2Fnode-13.13.0.tgz#30d2d09f623fe32cde9cb582c7a6eda2788ce4a8"
  integrity sha1-MNLQn2I/4yzenLWCx6btoniM5Kg=

"@types/node@^12.0.0":
  version "12.12.36"
  resolved "https://registry.npm.taobao.org/@types/node/download/@types/node-12.12.36.tgz?cache=0&sync_timestamp=1587158255212&other_urls=https%3A%2F%2Fregistry.npm.taobao.org%2F%40types%2Fnode%2Fdownload%2F%40types%2Fnode-12.12.36.tgz#162c8c2a2e659da480049df0e19ae128ad3a1527"
  integrity sha1-FiyMKi5lnaSABJ3w4ZrhKK06FSc=

"@types/pino@^5.8.13":
  version "5.20.0"
  resolved "https://registry.npm.taobao.org/@types/pino/download/@types/pino-5.20.0.tgz#d4bafa71d992d223d29c857c11988e8c3abc66f0"
  integrity sha1-1Lr6cdmS0iPSnIV8EZiOjDq8ZvA=
  dependencies:
    "@types/events" "*"
    "@types/node" "*"

"@types/prop-types@*":
  version "15.7.3"
  resolved "https://registry.npm.taobao.org/@types/prop-types/download/@types/prop-types-15.7.3.tgz#2ab0d5da2e5815f94b0b9d4b95d1e5f243ab2ca7"
  integrity sha1-KrDV2i5YFflLC51LldHl8kOrLKc=

"@types/react-dom@*", "@types/react-dom@^16.9.0":
  version "16.9.6"
  resolved "https://registry.npm.taobao.org/@types/react-dom/download/@types/react-dom-16.9.6.tgz#9e7f83d90566521cc2083be2277c6712dcaf754c"
  integrity sha1-nn+D2QVmUhzCCDviJ3xnEtyvdUw=
  dependencies:
    "@types/react" "*"

"@types/react-redux@^7.1.5":
  version "7.1.7"
  resolved "https://registry.npm.taobao.org/@types/react-redux/download/@types/react-redux-7.1.7.tgz#12a0c529aba660696947384a059c5c6e08185c7a"
  integrity sha1-EqDFKaumYGlpRzhKBZxcbggYXHo=
  dependencies:
    "@types/hoist-non-react-statics" "^3.3.0"
    "@types/react" "*"
    hoist-non-react-statics "^3.3.0"
    redux "^4.0.0"

"@types/react@*", "@types/react@^16.9.0":
  version "16.9.34"
  resolved "https://registry.npm.taobao.org/@types/react/download/@types/react-16.9.34.tgz?cache=0&sync_timestamp=1586464409519&other_urls=https%3A%2F%2Fregistry.npm.taobao.org%2F%40types%2Freact%2Fdownload%2F%40types%2Freact-16.9.34.tgz#f7d5e331c468f53affed17a8a4d488cd44ea9349"
  integrity sha1-99XjMcRo9Tr/7ReopNSIzUTqk0k=
  dependencies:
    "@types/prop-types" "*"
    csstype "^2.2.0"

"@types/testing-library__dom@*":
  version "7.0.1"
  resolved "https://registry.npm.taobao.org/@types/testing-library__dom/download/@types/testing-library__dom-7.0.1.tgz#426bef0aa306a603fe071859d4b485941b28aca6"
  integrity sha1-QmvvCqMGpgP+BxhZ1LSFlBsorKY=
  dependencies:
    pretty-format "^25.1.0"

"@types/testing-library__dom@^6.12.1":
  version "6.14.0"
  resolved "https://registry.npm.taobao.org/@types/testing-library__dom/download/@types/testing-library__dom-6.14.0.tgz#1aede831cb4ed4a398448df5a2c54b54a365644e"
  integrity sha1-Gu3oMctO1KOYRI31osVLVKNlZE4=
  dependencies:
    pretty-format "^24.3.0"

"@types/testing-library__react@^9.1.2":
  version "9.1.3"
  resolved "https://registry.npm.taobao.org/@types/testing-library__react/download/@types/testing-library__react-9.1.3.tgz#35eca61cc6ea923543796f16034882a1603d7302"
  integrity sha1-NeymHMbqkjVDeW8WA0iCoWA9cwI=
  dependencies:
    "@types/react-dom" "*"
    "@types/testing-library__dom" "*"
    pretty-format "^25.1.0"

"@types/uuid@^3.4.6":
  version "3.4.8"
  resolved "https://registry.npm.taobao.org/@types/uuid/download/@types/uuid-3.4.8.tgz?cache=0&sync_timestamp=1584473745351&other_urls=https%3A%2F%2Fregistry.npm.taobao.org%2F%40types%2Fuuid%2Fdownload%2F%40types%2Fuuid-3.4.8.tgz#4ba887fcef88bd9a7515ca2de336d691e3e18318"
  integrity sha1-S6iH/O+IvZp1Fcot4zbWkePhgxg=

"@types/yargs-parser@*":
  version "15.0.0"
  resolved "https://registry.npm.taobao.org/@types/yargs-parser/download/@types/yargs-parser-15.0.0.tgz#cb3f9f741869e20cce330ffbeb9271590483882d"
  integrity sha1-yz+fdBhp4gzOMw/765JxWQSDiC0=

"@types/yargs@^13.0.0":
  version "13.0.8"
  resolved "https://registry.npm.taobao.org/@types/yargs/download/@types/yargs-13.0.8.tgz#a38c22def2f1c2068f8971acb3ea734eb3c64a99"
  integrity sha1-o4wi3vLxwgaPiXGss+pzTrPGSpk=
  dependencies:
    "@types/yargs-parser" "*"

"@types/yargs@^15.0.0":
  version "15.0.4"
  resolved "https://registry.npm.taobao.org/@types/yargs/download/@types/yargs-15.0.4.tgz#7e5d0f8ca25e9d5849f2ea443cf7c402decd8299"
  integrity sha1-fl0PjKJenVhJ8upEPPfEAt7Ngpk=
  dependencies:
    "@types/yargs-parser" "*"

ansi-regex@^4.0.0:
  version "4.1.0"
  resolved "https://registry.npm.taobao.org/ansi-regex/download/ansi-regex-4.1.0.tgz#8b9f8f08cf1acb843756a839ca8c7e3168c51997"
  integrity sha1-i5+PCM8ay4Q3Vqg5yox+MWjFGZc=

ansi-regex@^5.0.0:
  version "5.0.0"
  resolved "https://registry.npm.taobao.org/ansi-regex/download/ansi-regex-5.0.0.tgz#388539f55179bf39339c81af30a654d69f87cb75"
  integrity sha1-OIU59VF5vzkznIGvMKZU1p+Hy3U=

ansi-styles@^3.2.0, ansi-styles@^3.2.1:
  version "3.2.1"
  resolved "https://registry.npm.taobao.org/ansi-styles/download/ansi-styles-3.2.1.tgz#41fbb20243e50b12be0f04b8dedbf07520ce841d"
  integrity sha1-QfuyAkPlCxK+DwS43tvwdSDOhB0=
  dependencies:
    color-convert "^1.9.0"

ansi-styles@^4.0.0, ansi-styles@^4.1.0:
  version "4.2.1"
  resolved "https://registry.npm.taobao.org/ansi-styles/download/ansi-styles-4.2.1.tgz#90ae75c424d008d2624c5bf29ead3177ebfcf359"
  integrity sha1-kK51xCTQCNJiTFvynq0xd+v881k=
  dependencies:
    "@types/color-name" "^1.1.1"
    color-convert "^2.0.1"

aria-query@^4.0.2:
  version "4.0.2"
  resolved "https://registry.npm.taobao.org/aria-query/download/aria-query-4.0.2.tgz#250687b4ccde1ab86d127da0432ae3552fc7b145"
  integrity sha1-JQaHtMzeGrhtEn2gQyrjVS/HsUU=
  dependencies:
    "@babel/runtime" "^7.7.4"
    "@babel/runtime-corejs3" "^7.7.4"

atob@^2.1.2:
  version "2.1.2"
  resolved "https://registry.npm.taobao.org/atob/download/atob-2.1.2.tgz#6d9517eb9e030d2436666651e86bd9f6f13533c9"
  integrity sha1-bZUX654DDSQ2ZmZR6GvZ9vE1M8k=

atomic-sleep@^1.0.0:
  version "1.0.0"
  resolved "https://registry.npm.taobao.org/atomic-sleep/download/atomic-sleep-1.0.0.tgz?cache=0&other_urls=https%3A%2F%2Fregistry.npm.taobao.org%2Fatomic-sleep%2Fdownload%2Fatomic-sleep-1.0.0.tgz#eb85b77a601fc932cfe432c5acd364a9e2c9075b"
  integrity sha1-64W3emAfyTLP5DLFrNNkqeLJB1s=

axios@^0.19.0:
  version "0.19.2"
  resolved "https://registry.npm.taobao.org/axios/download/axios-0.19.2.tgz#3ea36c5d8818d0d5f8a8a97a6d36b86cdc00cb27"
  integrity sha1-PqNsXYgY0NX4qKl6bTa4bNwAyyc=
  dependencies:
    follow-redirects "1.5.10"

chalk@^2.0.1, chalk@^2.4.1:
  version "2.4.2"
  resolved "https://registry.npm.taobao.org/chalk/download/chalk-2.4.2.tgz?cache=0&sync_timestamp=1585815759944&other_urls=https%3A%2F%2Fregistry.npm.taobao.org%2Fchalk%2Fdownload%2Fchalk-2.4.2.tgz#cd42541677a54333cf541a49108c1432b44c9424"
  integrity sha1-zUJUFnelQzPPVBpJEIwUMrRMlCQ=
  dependencies:
    ansi-styles "^3.2.1"
    escape-string-regexp "^1.0.5"
    supports-color "^5.3.0"

chalk@^3.0.0:
  version "3.0.0"
  resolved "https://registry.npm.taobao.org/chalk/download/chalk-3.0.0.tgz?cache=0&sync_timestamp=1585815759944&other_urls=https%3A%2F%2Fregistry.npm.taobao.org%2Fchalk%2Fdownload%2Fchalk-3.0.0.tgz#3f73c2bf526591f574cc492c51e2456349f844e4"
  integrity sha1-P3PCv1JlkfV0zEksUeJFY0n4ROQ=
  dependencies:
    ansi-styles "^4.1.0"
    supports-color "^7.1.0"

color-convert@^1.9.0:
  version "1.9.3"
  resolved "https://registry.npm.taobao.org/color-convert/download/color-convert-1.9.3.tgz#bb71850690e1f136567de629d2d5471deda4c1e8"
  integrity sha1-u3GFBpDh8TZWfeYp0tVHHe2kweg=
  dependencies:
    color-name "1.1.3"

color-convert@^2.0.1:
  version "2.0.1"
  resolved "https://registry.npm.taobao.org/color-convert/download/color-convert-2.0.1.tgz#72d3a68d598c9bdb3af2ad1e84f21d896abd4de3"
  integrity sha1-ctOmjVmMm9s68q0ehPIdiWq9TeM=
  dependencies:
    color-name "~1.1.4"

color-name@1.1.3:
  version "1.1.3"
  resolved "https://registry.npm.taobao.org/color-name/download/color-name-1.1.3.tgz#a7d0558bd89c42f795dd42328f740831ca53bc25"
  integrity sha1-p9BVi9icQveV3UIyj3QIMcpTvCU=

color-name@~1.1.4:
  version "1.1.4"
  resolved "https://registry.npm.taobao.org/color-name/download/color-name-1.1.4.tgz#c2a09a87acbde69543de6f63fa3995c826c536a2"
  integrity sha1-wqCah6y95pVD3m9j+jmVyCbFNqI=

core-js-pure@^3.0.0:
  version "3.6.5"
  resolved "https://registry.npm.taobao.org/core-js-pure/download/core-js-pure-3.6.5.tgz#c79e75f5e38dbc85a662d91eea52b8256d53b813"
  integrity sha1-x5519eONvIWmYtke6lK4JW1TuBM=

css.escape@^1.5.1:
  version "1.5.1"
  resolved "https://registry.npm.taobao.org/css.escape/download/css.escape-1.5.1.tgz#42e27d4fa04ae32f931a4b4d4191fa9cddee97cb"
  integrity sha1-QuJ9T6BK4y+TGktNQZH6nN3ul8s=

css@^2.2.3:
  version "2.2.4"
  resolved "https://registry.npm.taobao.org/css/download/css-2.2.4.tgz#c646755c73971f2bba6a601e2cf2fd71b1298929"
  integrity sha1-xkZ1XHOXHyu6amAeLPL9cbEpiSk=
  dependencies:
    inherits "^2.0.3"
    source-map "^0.6.1"
    source-map-resolve "^0.5.2"
    urix "^0.1.0"

csstype@^2.2.0:
  version "2.6.10"
  resolved "https://registry.npm.taobao.org/csstype/download/csstype-2.6.10.tgz?cache=0&sync_timestamp=1586935655811&other_urls=https%3A%2F%2Fregistry.npm.taobao.org%2Fcsstype%2Fdownload%2Fcsstype-2.6.10.tgz#e63af50e66d7c266edb6b32909cfd0aabe03928b"
  integrity sha1-5jr1DmbXwmbttrMpCc/Qqr4Dkos=

debug@=3.1.0:
  version "3.1.0"
  resolved "https://registry.npm.taobao.org/debug/download/debug-3.1.0.tgz#5bb5a0672628b64149566ba16819e61518c67261"
  integrity sha1-W7WgZyYotkFJVmuhaBnmFRjGcmE=
  dependencies:
    ms "2.0.0"

decode-uri-component@^0.2.0:
  version "0.2.0"
  resolved "https://registry.npm.taobao.org/decode-uri-component/download/decode-uri-component-0.2.0.tgz#eb3913333458775cb84cd1a1fae062106bb87545"
  integrity sha1-6zkTMzRYd1y4TNGh+uBiEGu4dUU=

diff-sequences@^24.9.0:
  version "24.9.0"
  resolved "https://registry.npm.taobao.org/diff-sequences/download/diff-sequences-24.9.0.tgz#5715d6244e2aa65f48bba0bc972db0b0b11e95b5"
  integrity sha1-VxXWJE4qpl9Iu6C8ly2wsLEelbU=

dom-accessibility-api@^0.3.0:
  version "0.3.0"
  resolved "https://registry.npm.taobao.org/dom-accessibility-api/download/dom-accessibility-api-0.3.0.tgz#511e5993dd673b97c87ea47dba0e3892f7e0c983"
  integrity sha1-UR5Zk91nO5fIfqR9ug44kvfgyYM=

escape-string-regexp@^1.0.5:
  version "1.0.5"
  resolved "https://registry.npm.taobao.org/escape-string-regexp/download/escape-string-regexp-1.0.5.tgz#1b61c0562190a8dff6ae3bb2cf0200ca130b86d4"
  integrity sha1-G2HAViGQqN/2rjuyzwIAyhMLhtQ=

fast-redact@^2.0.0:
  version "2.0.0"
  resolved "https://registry.npm.taobao.org/fast-redact/download/fast-redact-2.0.0.tgz#17bb8f5e1f56ecf4a38c8455985e5eab4c478431"
  integrity sha1-F7uPXh9W7PSjjIRVmF5eq0xHhDE=

fast-safe-stringify@^2.0.7:
  version "2.0.7"
  resolved "https://registry.npm.taobao.org/fast-safe-stringify/download/fast-safe-stringify-2.0.7.tgz#124aa885899261f68aedb42a7c080de9da608743"
  integrity sha1-EkqohYmSYfaK7bQqfAgN6dpgh0M=

flatstr@^1.0.12:
  version "1.0.12"
  resolved "https://registry.npm.taobao.org/flatstr/download/flatstr-1.0.12.tgz#c2ba6a08173edbb6c9640e3055b95e287ceb5931"
  integrity sha1-wrpqCBc+27bJZA4wVbleKHzrWTE=

follow-redirects@1.5.10:
  version "1.5.10"
  resolved "https://registry.npm.taobao.org/follow-redirects/download/follow-redirects-1.5.10.tgz?cache=0&sync_timestamp=1585479417937&other_urls=https%3A%2F%2Fregistry.npm.taobao.org%2Ffollow-redirects%2Fdownload%2Ffollow-redirects-1.5.10.tgz#7b7a9f9aea2fdff36786a94ff643ed07f4ff5e2a"
  integrity sha1-e3qfmuov3/NnhqlP9kPtB/T/Xio=
  dependencies:
    debug "=3.1.0"

gud@^1.0.0:
  version "1.0.0"
  resolved "https://registry.npm.taobao.org/gud/download/gud-1.0.0.tgz#a489581b17e6a70beca9abe3ae57de7a499852c0"
  integrity sha1-pIlYGxfmpwvsqavjrlfeekmYUsA=

has-flag@^3.0.0:
  version "3.0.0"
  resolved "https://registry.npm.taobao.org/has-flag/download/has-flag-3.0.0.tgz#b5d454dc2199ae225699f3467e5a07f3b955bafd"
  integrity sha1-tdRU3CGZriJWmfNGfloH87lVuv0=

has-flag@^4.0.0:
  version "4.0.0"
  resolved "https://registry.npm.taobao.org/has-flag/download/has-flag-4.0.0.tgz#944771fd9c81c81265c4d6941860da06bb59479b"
  integrity sha1-lEdx/ZyByBJlxNaUGGDaBrtZR5s=

history@^4.9.0:
  version "4.10.1"
  resolved "https://registry.npm.taobao.org/history/download/history-4.10.1.tgz?cache=0&other_urls=https%3A%2F%2Fregistry.npm.taobao.org%2Fhistory%2Fdownload%2Fhistory-4.10.1.tgz#33371a65e3a83b267434e2b3f3b1b4c58aad4cf3"
  integrity sha1-MzcaZeOoOyZ0NOKz87G0xYqtTPM=
  dependencies:
    "@babel/runtime" "^7.1.2"
    loose-envify "^1.2.0"
    resolve-pathname "^3.0.0"
    tiny-invariant "^1.0.2"
    tiny-warning "^1.0.0"
    value-equal "^1.0.1"

hoist-non-react-statics@^3.1.0, hoist-non-react-statics@^3.3.0:
  version "3.3.2"
  resolved "https://registry.npm.taobao.org/hoist-non-react-statics/download/hoist-non-react-statics-3.3.2.tgz#ece0acaf71d62c2969c2ec59feff42a4b1a85b45"
  integrity sha1-7OCsr3HWLClpwuxZ/v9CpLGoW0U=
  dependencies:
    react-is "^16.7.0"

immer@^6.0.1:
  version "6.0.3"
  resolved "https://registry.npm.taobao.org/immer/download/immer-6.0.3.tgz#94d5051cd724668160a900d66d85ec02816f29bd"
  integrity sha1-lNUFHNckZoFgqQDWbYXsAoFvKb0=

indent-string@^4.0.0:
  version "4.0.0"
  resolved "https://registry.npm.taobao.org/indent-string/download/indent-string-4.0.0.tgz#624f8f4497d619b2d9768531d58f4122854d7251"
  integrity sha1-Yk+PRJfWGbLZdoUx1Y9BIoVNclE=

inherits@^2.0.3:
  version "2.0.4"
  resolved "https://registry.npm.taobao.org/inherits/download/inherits-2.0.4.tgz#0fa2c64f932917c3433a0ded55363aae37416b7c"
  integrity sha1-D6LGT5MpF8NDOg3tVTY6rjdBa3w=

isarray@0.0.1:
  version "0.0.1"
  resolved "https://registry.npm.taobao.org/isarray/download/isarray-0.0.1.tgz#8a18acfca9a8f4177e09abfc6038939b05d1eedf"
  integrity sha1-ihis/Kmo9Bd+Cav8YDiTmwXR7t8=

jest-diff@^24.0.0, jest-diff@^24.9.0:
  version "24.9.0"
  resolved "https://registry.npm.taobao.org/jest-diff/download/jest-diff-24.9.0.tgz?cache=0&sync_timestamp=1587334179284&other_urls=https%3A%2F%2Fregistry.npm.taobao.org%2Fjest-diff%2Fdownload%2Fjest-diff-24.9.0.tgz#931b7d0d5778a1baf7452cb816e325e3724055da"
  integrity sha1-kxt9DVd4obr3RSy4FuMl43JAVdo=
  dependencies:
    chalk "^2.0.1"
    diff-sequences "^24.9.0"
    jest-get-type "^24.9.0"
    pretty-format "^24.9.0"

jest-get-type@^24.9.0:
  version "24.9.0"
  resolved "https://registry.npm.taobao.org/jest-get-type/download/jest-get-type-24.9.0.tgz?cache=0&sync_timestamp=1585823461415&other_urls=https%3A%2F%2Fregistry.npm.taobao.org%2Fjest-get-type%2Fdownload%2Fjest-get-type-24.9.0.tgz#1684a0c8a50f2e4901b6644ae861f579eed2ef0e"
  integrity sha1-FoSgyKUPLkkBtmRK6GH1ee7S7w4=

jest-matcher-utils@^24.0.0:
  version "24.9.0"
  resolved "https://registry.npm.taobao.org/jest-matcher-utils/download/jest-matcher-utils-24.9.0.tgz?cache=0&sync_timestamp=1587361530105&other_urls=https%3A%2F%2Fregistry.npm.taobao.org%2Fjest-matcher-utils%2Fdownload%2Fjest-matcher-utils-24.9.0.tgz#f5b3661d5e628dffe6dd65251dfdae0e87c3a073"
  integrity sha1-9bNmHV5ijf/m3WUlHf2uDofDoHM=
  dependencies:
    chalk "^2.0.1"
    jest-diff "^24.9.0"
    jest-get-type "^24.9.0"
    pretty-format "^24.9.0"

"js-tokens@^3.0.0 || ^4.0.0":
  version "4.0.0"
  resolved "https://registry.npm.taobao.org/js-tokens/download/js-tokens-4.0.0.tgz#19203fb59991df98e3a287050d4647cdeaf32499"
  integrity sha1-GSA/tZmR35jjoocFDUZHzerzJJk=

lodash@^4.17.11, lodash@^4.17.15:
  version "4.17.15"
  resolved "https://registry.npm.taobao.org/lodash/download/lodash-4.17.15.tgz#b447f6670a0455bbfeedd11392eff330ea097548"
  integrity sha1-tEf2ZwoEVbv+7dETku/zMOoJdUg=

loose-envify@^1.2.0, loose-envify@^1.3.1, loose-envify@^1.4.0:
  version "1.4.0"
  resolved "https://registry.npm.taobao.org/loose-envify/download/loose-envify-1.4.0.tgz#71ee51fa7be4caec1a63839f7e682d8132d30caf"
  integrity sha1-ce5R+nvkyuwaY4OffmgtgTLTDK8=
  dependencies:
    js-tokens "^3.0.0 || ^4.0.0"

min-indent@^1.0.0:
  version "1.0.0"
  resolved "https://registry.npm.taobao.org/min-indent/download/min-indent-1.0.0.tgz#cfc45c37e9ec0d8f0a0ec3dd4ef7f7c3abe39256"
  integrity sha1-z8RcN+nsDY8KDsPdTvf3w6vjklY=

mini-create-react-context@^0.3.0:
  version "0.3.2"
  resolved "https://registry.npm.taobao.org/mini-create-react-context/download/mini-create-react-context-0.3.2.tgz?cache=0&sync_timestamp=1583138148541&other_urls=https%3A%2F%2Fregistry.npm.taobao.org%2Fmini-create-react-context%2Fdownload%2Fmini-create-react-context-0.3.2.tgz#79fc598f283dd623da8e088b05db8cddab250189"
  integrity sha1-efxZjyg91iPajgiLBduM3aslAYk=
  dependencies:
    "@babel/runtime" "^7.4.0"
    gud "^1.0.0"
    tiny-warning "^1.0.2"

moment@2.29.1:
  version "2.29.1"
  resolved "https://registry.yarnpkg.com/moment/-/moment-2.29.1.tgz#b2be769fa31940be9eeea6469c075e35006fa3d3"
  integrity sha512-kHmoybcPV8Sqy59DwNDY3Jefr64lK/by/da0ViFcuA4DH0vQg5Q6Ze5VimxkfQNSC+Mls/Kx53s7TjP1RhFEDQ==

ms@2.0.0:
  version "2.0.0"
  resolved "https://registry.npm.taobao.org/ms/download/ms-2.0.0.tgz#5608aeadfc00be6c2901df5f9861788de0d597c8"
  integrity sha1-VgiurfwAvmwpAd9fmGF4jeDVl8g=

object-assign@^4.1.1:
  version "4.1.1"
  resolved "https://registry.npm.taobao.org/object-assign/download/object-assign-4.1.1.tgz#2109adc7965887cfc05cbbd442cac8bfbb360863"
  integrity sha1-IQmtx5ZYh8/AXLvUQsrIv7s2CGM=

path-to-regexp@^1.7.0:
  version "1.8.0"
  resolved "https://registry.npm.taobao.org/path-to-regexp/download/path-to-regexp-1.8.0.tgz#887b3ba9d84393e87a0a0b9f4cb756198b53548a"
  integrity sha1-iHs7qdhDk+h6CgufTLdWGYtTVIo=
  dependencies:
    isarray "0.0.1"

pino-std-serializers@^2.4.2:
  version "2.4.2"
  resolved "https://registry.npm.taobao.org/pino-std-serializers/download/pino-std-serializers-2.4.2.tgz#cb5e3e58c358b26f88969d7e619ae54bdfcc1ae1"
  integrity sha1-y14+WMNYsm+Ilp1+YZrlS9/MGuE=

pino@^5.14.0:
  version "5.17.0"
  resolved "https://registry.npm.taobao.org/pino/download/pino-5.17.0.tgz?cache=0&sync_timestamp=1586617897713&other_urls=https%3A%2F%2Fregistry.npm.taobao.org%2Fpino%2Fdownload%2Fpino-5.17.0.tgz#b9def314e82402154f89a25d76a31f20ca84b4c8"
  integrity sha1-ud7zFOgkAhVPiaJddqMfIMqEtMg=
  dependencies:
    fast-redact "^2.0.0"
    fast-safe-stringify "^2.0.7"
    flatstr "^1.0.12"
    pino-std-serializers "^2.4.2"
    quick-format-unescaped "^3.0.3"
    sonic-boom "^0.7.5"

pretty-format@^24.0.0, pretty-format@^24.3.0, pretty-format@^24.9.0:
  version "24.9.0"
  resolved "https://registry.npm.taobao.org/pretty-format/download/pretty-format-24.9.0.tgz#12fac31b37019a4eea3c11aa9a959eb7628aa7c9"
  integrity sha1-EvrDGzcBmk7qPBGqmpWet2KKp8k=
  dependencies:
    "@jest/types" "^24.9.0"
    ansi-regex "^4.0.0"
    ansi-styles "^3.2.0"
    react-is "^16.8.4"

pretty-format@^25.1.0:
  version "25.4.0"
  resolved "https://registry.npm.taobao.org/pretty-format/download/pretty-format-25.4.0.tgz#c58801bb5c4926ff4a677fe43f9b8b99812c7830"
  integrity sha1-xYgBu1xJJv9KZ3/kP5uLmYEseDA=
  dependencies:
    "@jest/types" "^25.4.0"
    ansi-regex "^5.0.0"
    ansi-styles "^4.0.0"
    react-is "^16.12.0"

prop-types@^15.6.2:
  version "15.7.2"
  resolved "https://registry.npm.taobao.org/prop-types/download/prop-types-15.7.2.tgz#52c41e75b8c87e72b9d9360e0206b99dcbffa6c5"
  integrity sha1-UsQedbjIfnK52TYOAga5ncv/psU=
  dependencies:
    loose-envify "^1.4.0"
    object-assign "^4.1.1"
    react-is "^16.8.1"

qs@6.9.1:
  version "6.9.1"
  resolved "https://registry.npm.taobao.org/qs/download/qs-6.9.1.tgz#20082c65cb78223635ab1a9eaca8875a29bf8ec9"
  integrity sha1-IAgsZct4IjY1qxqerKiHWim/jsk=

quick-format-unescaped@^3.0.3:
  version "3.0.3"
  resolved "https://registry.npm.taobao.org/quick-format-unescaped/download/quick-format-unescaped-3.0.3.tgz#fb3e468ac64c01d22305806c39f121ddac0d1fb9"
  integrity sha1-+z5GisZMAdIjBYBsOfEh3awNH7k=

react-is@^16.12.0, react-is@^16.6.0, react-is@^16.7.0, react-is@^16.8.1, react-is@^16.8.4:
  version "16.13.1"
  resolved "https://registry.npm.taobao.org/react-is/download/react-is-16.13.1.tgz#789729a4dc36de2999dc156dd6c1d9c18cea56a4"
  integrity sha1-eJcppNw23imZ3BVt1sHZwYzqVqQ=

react-router-dom@^5.0.1:
  version "5.1.2"
  resolved "https://registry.npm.taobao.org/react-router-dom/download/react-router-dom-5.1.2.tgz#06701b834352f44d37fbb6311f870f84c76b9c18"
  integrity sha1-BnAbg0NS9E03+7YxH4cPhMdrnBg=
  dependencies:
    "@babel/runtime" "^7.1.2"
    history "^4.9.0"
    loose-envify "^1.3.1"
    prop-types "^15.6.2"
    react-router "5.1.2"
    tiny-invariant "^1.0.2"
    tiny-warning "^1.0.0"

react-router@5.1.2:
  version "5.1.2"
  resolved "https://registry.npm.taobao.org/react-router/download/react-router-5.1.2.tgz?cache=0&sync_timestamp=1585960845599&other_urls=https%3A%2F%2Fregistry.npm.taobao.org%2Freact-router%2Fdownload%2Freact-router-5.1.2.tgz#6ea51d789cb36a6be1ba5f7c0d48dd9e817d3418"
  integrity sha1-bqUdeJyzamvhul98DUjdnoF9NBg=
  dependencies:
    "@babel/runtime" "^7.1.2"
    history "^4.9.0"
    hoist-non-react-statics "^3.1.0"
    loose-envify "^1.3.1"
    mini-create-react-context "^0.3.0"
    path-to-regexp "^1.7.0"
    prop-types "^15.6.2"
    react-is "^16.6.0"
    tiny-invariant "^1.0.2"
    tiny-warning "^1.0.0"

redent@^3.0.0:
  version "3.0.0"
  resolved "https://registry.npm.taobao.org/redent/download/redent-3.0.0.tgz#e557b7998316bb53c9f1f56fa626352c6963059f"
  integrity sha1-5Ve3mYMWu1PJ8fVvpiY1LGljBZ8=
  dependencies:
    indent-string "^4.0.0"
    strip-indent "^3.0.0"

redux-observable@^1.2.0:
  version "1.2.0"
  resolved "https://registry.npm.taobao.org/redux-observable/download/redux-observable-1.2.0.tgz#ff51b6c6be2598e9b5e89fc36639186bb0e669c7"
  integrity sha1-/1G2xr4lmOm16J/DZjkYa7Dmacc=

redux-thunk@^2.3.0:
  version "2.3.0"
  resolved "https://registry.npm.taobao.org/redux-thunk/download/redux-thunk-2.3.0.tgz#51c2c19a185ed5187aaa9a2d08b666d0d6467622"
  integrity sha1-UcLBmhhe1Rh6qpotCLZm0NZGdiI=

redux@^4.0.0:
  version "4.0.5"
  resolved "https://registry.npm.taobao.org/redux/download/redux-4.0.5.tgz#4db5de5816e17891de8a80c424232d06f051d93f"
  integrity sha1-TbXeWBbheJHeioDEJCMtBvBR2T8=
  dependencies:
    loose-envify "^1.4.0"
    symbol-observable "^1.2.0"

regenerator-runtime@^0.13.4:
  version "0.13.5"
  resolved "https://registry.npm.taobao.org/regenerator-runtime/download/regenerator-runtime-0.13.5.tgz?cache=0&sync_timestamp=1584052392667&other_urls=https%3A%2F%2Fregistry.npm.taobao.org%2Fregenerator-runtime%2Fdownload%2Fregenerator-runtime-0.13.5.tgz#d878a1d094b4306d10b9096484b33ebd55e26697"
  integrity sha1-2Hih0JS0MG0QuQlkhLM+vVXiZpc=

reselect@^4.0.0:
  version "4.0.0"
  resolved "https://registry.npm.taobao.org/reselect/download/reselect-4.0.0.tgz#f2529830e5d3d0e021408b246a206ef4ea4437f7"
  integrity sha1-8lKYMOXT0OAhQIskaiBu9OpEN/c=

resolve-pathname@^3.0.0:
  version "3.0.0"
  resolved "https://registry.npm.taobao.org/resolve-pathname/download/resolve-pathname-3.0.0.tgz#99d02224d3cf263689becbb393bc560313025dcd"
  integrity sha1-mdAiJNPPJjaJvsuzk7xWAxMCXc0=

resolve-url@^0.2.1:
  version "0.2.1"
  resolved "https://registry.npm.taobao.org/resolve-url/download/resolve-url-0.2.1.tgz#2c637fe77c893afd2a663fe21aa9080068e2052a"
  integrity sha1-LGN/53yJOv0qZj/iGqkIAGjiBSo=

rxjs@^6.5.3:
  version "6.5.5"
  resolved "https://registry.npm.taobao.org/rxjs/download/rxjs-6.5.5.tgz#c5c884e3094c8cfee31bf27eb87e54ccfc87f9ec"
  integrity sha1-xciE4wlMjP7jG/J+uH5UzPyH+ew=
  dependencies:
    tslib "^1.9.0"

sonic-boom@^0.7.5:
  version "0.7.7"
  resolved "https://registry.npm.taobao.org/sonic-boom/download/sonic-boom-0.7.7.tgz#d921de887428208bfa07b0ae32c278de043f350a"
  integrity sha1-2SHeiHQoIIv6B7CuMsJ43gQ/NQo=
  dependencies:
    atomic-sleep "^1.0.0"
    flatstr "^1.0.12"

source-map-resolve@^0.5.2:
  version "0.5.3"
  resolved "https://registry.npm.taobao.org/source-map-resolve/download/source-map-resolve-0.5.3.tgz?cache=0&sync_timestamp=1584829475930&other_urls=https%3A%2F%2Fregistry.npm.taobao.org%2Fsource-map-resolve%2Fdownload%2Fsource-map-resolve-0.5.3.tgz#190866bece7553e1f8f267a2ee82c606b5509a1a"
  integrity sha1-GQhmvs51U+H48mei7oLGBrVQmho=
  dependencies:
    atob "^2.1.2"
    decode-uri-component "^0.2.0"
    resolve-url "^0.2.1"
    source-map-url "^0.4.0"
    urix "^0.1.0"

source-map-url@^0.4.0:
  version "0.4.0"
  resolved "https://registry.npm.taobao.org/source-map-url/download/source-map-url-0.4.0.tgz#3e935d7ddd73631b97659956d55128e87b5084a3"
  integrity sha1-PpNdfd1zYxuXZZlW1VEo6HtQhKM=

source-map@^0.6.1:
  version "0.6.1"
  resolved "https://registry.npm.taobao.org/source-map/download/source-map-0.6.1.tgz#74722af32e9614e9c287a8d0bbde48b5e2f1a263"
  integrity sha1-dHIq8y6WFOnCh6jQu95IteLxomM=

strip-indent@^3.0.0:
  version "3.0.0"
  resolved "https://registry.npm.taobao.org/strip-indent/download/strip-indent-3.0.0.tgz#c32e1cee940b6b3432c771bc2c54bcce73cd3001"
  integrity sha1-wy4c7pQLazQyx3G8LFS8znPNMAE=
  dependencies:
    min-indent "^1.0.0"

supports-color@^5.3.0:
  version "5.5.0"
  resolved "https://registry.npm.taobao.org/supports-color/download/supports-color-5.5.0.tgz#e2e69a44ac8772f78a1ec0b35b689df6530efc8f"
  integrity sha1-4uaaRKyHcveKHsCzW2id9lMO/I8=
  dependencies:
    has-flag "^3.0.0"

supports-color@^7.1.0:
  version "7.1.0"
  resolved "https://registry.npm.taobao.org/supports-color/download/supports-color-7.1.0.tgz#68e32591df73e25ad1c4b49108a2ec507962bfd1"
  integrity sha1-aOMlkd9z4lrRxLSRCKLsUHliv9E=
  dependencies:
    has-flag "^4.0.0"

symbol-observable@^1.2.0:
  version "1.2.0"
  resolved "https://registry.npm.taobao.org/symbol-observable/download/symbol-observable-1.2.0.tgz#c22688aed4eab3cdc2dfeacbb561660560a00804"
  integrity sha1-wiaIrtTqs83C3+rLtWFmBWCgCAQ=

tiny-invariant@^1.0.2:
  version "1.1.0"
  resolved "https://registry.npm.taobao.org/tiny-invariant/download/tiny-invariant-1.1.0.tgz#634c5f8efdc27714b7f386c35e6760991d230875"
  integrity sha1-Y0xfjv3CdxS384bDXmdgmR0jCHU=

tiny-warning@^1.0.0, tiny-warning@^1.0.2:
  version "1.0.3"
  resolved "https://registry.npm.taobao.org/tiny-warning/download/tiny-warning-1.0.3.tgz#94a30db453df4c643d0fd566060d60a875d84754"
  integrity sha1-lKMNtFPfTGQ9D9VmBg1gqHXYR1Q=

tslib@^1.9.0:
  version "1.11.1"
  resolved "https://registry.npm.taobao.org/tslib/download/tslib-1.11.1.tgz#eb15d128827fbee2841549e171f45ed338ac7e35"
  integrity sha1-6xXRKIJ/vuKEFUnhcfRe0zisfjU=

urix@^0.1.0:
  version "0.1.0"
  resolved "https://registry.npm.taobao.org/urix/download/urix-0.1.0.tgz?cache=0&sync_timestamp=1585438689517&other_urls=https%3A%2F%2Fregistry.npm.taobao.org%2Furix%2Fdownload%2Furix-0.1.0.tgz#da937f7a62e21fec1fd18d49b35c2935067a6c72"
  integrity sha1-2pN/emLiH+wf0Y1Js1wpNQZ6bHI=

uuid@^3.3.3:
  version "3.4.0"
  resolved "https://registry.npm.taobao.org/uuid/download/uuid-3.4.0.tgz?cache=0&sync_timestamp=1585683718911&other_urls=https%3A%2F%2Fregistry.npm.taobao.org%2Fuuid%2Fdownload%2Fuuid-3.4.0.tgz#b23e4358afa8a202fe7a100af1f5f883f02007ee"
  integrity sha1-sj5DWK+oogL+ehAK8fX4g/AgB+4=

value-equal@^1.0.1:
  version "1.0.1"
  resolved "https://registry.npm.taobao.org/value-equal/download/value-equal-1.0.1.tgz#1e0b794c734c5c0cade179c437d356d931a34d6c"
  integrity sha1-Hgt5THNMXAyt4XnEN9NW2TGjTWw=

wait-for-expect@^3.0.2:
  version "3.0.2"
  resolved "https://registry.npm.taobao.org/wait-for-expect/download/wait-for-expect-3.0.2.tgz?cache=0&sync_timestamp=1580986862160&other_urls=https%3A%2F%2Fregistry.npm.taobao.org%2Fwait-for-expect%2Fdownload%2Fwait-for-expect-3.0.2.tgz#d2f14b2f7b778c9b82144109c8fa89ceaadaa463"
  integrity sha1-0vFLL3t3jJuCFEEJyPqJzqrapGM=
